
Microsoft Visual Studio Solution File, Format Version 12.00
# Visual Studio Version 17
VisualStudioVersion = 17.5.33516.290
MinimumVisualStudioVersion = 10.0.40219.1
Project("{9A19103F-16F7-4668-BE54-9A1E7A4F7556}") = "Aufgabe1_ExeptionHandling", "Aufgabe1_ExeptionHandling\Aufgabe1_ExeptionHandling.csproj", "{3FB1CD9E-2007-4F1E-B40E-EF48EC302778}"
EndProject
Project("{FAE04EC0-301F-11D3-BF4B-00C04F79EFBC}") = "Aufgabe2_Eingabewiederholung", "Aufgabe2_Eingabewiederholung\Aufgabe2_Eingabewiederholung.csproj", "{4B7F1ECF-80D4-416A-8B68-67DFDEB1901E}"
EndProject
Project("{FAE04EC0-301F-11D3-BF4B-00C04F79EFBC}") = "Aufgabe3_Methodenüberladung", "Aufgabe3_Methodenüberladung\Aufgabe3_Methodenüberladung.csproj", "{203EE66C-E94D-4560-95F6-6F15668EA9AD}"
EndProject
Project("{FAE04EC0-301F-11D3-BF4B-00C04F79EFBC}") = "Test_Aufgabe1", "Test_Aufgabe1\Test_Aufgabe1.csproj", "{5715C4CF-2A0E-4FE0-AA47-12AD3BDFEA71}"
EndProject
Project("{FAE04EC0-301F-11D3-BF4B-00C04F79EFBC}") = "Test_Aufgabe2", "Test_Aufgabe2\Test_Aufgabe2.csproj", "{340004C1-FE07-4023-A72E-3AD1A181DBAB}"
EndProject
Project("{FAE04EC0-301F-11D3-BF4B-00C04F79EFBC}") = "Test_Aufgabe3", "Test_Aufgabe3\Test_Aufgabe3.csproj", "{960AF96A-5468-4BA5-A2A4-E7D2F30D0CE7}"
EndProject
Global
	GlobalSection(SolutionConfigurationPlatforms) = preSolution
		Debug|Any CPU = Debug|Any CPU
		Release|Any CPU = Release|Any CPU
	EndGlobalSection
	GlobalSection(ProjectConfigurationPlatforms) = postSolution
		{3FB1CD9E-2007-4F1E-B40E-EF48EC302778}.Debug|Any CPU.ActiveCfg = Debug|Any CPU
		{3FB1CD9E-2007-4F1E-B40E-EF48EC302778}.Debug|Any CPU.Build.0 = Debug|Any CPU
		{3FB1CD9E-2007-4F1E-B40E-EF48EC302778}.Release|Any CPU.ActiveCfg = Release|Any CPU
		{3FB1CD9E-2007-4F1E-B40E-EF48EC302778}.Release|Any CPU.Build.0 = Release|Any CPU
		{4B7F1ECF-80D4-416A-8B68-67DFDEB1901E}.Debug|Any CPU.ActiveCfg = Debug|Any CPU
		{4B7F1ECF-80D4-416A-8B68-67DFDEB1901E}.Debug|Any CPU.Build.0 = Debug|Any CPU
		{4B7F1ECF-80D4-416A-8B68-67DFDEB1901E}.Release|Any CPU.ActiveCfg = Release|Any CPU
		{4B7F1ECF-80D4-416A-8B68-67DFDEB1901E}.Release|Any CPU.Build.0 = Release|Any CPU
		{203EE66C-E94D-4560-95F6-6F15668EA9AD}.Debug|Any CPU.ActiveCfg = Debug|Any CPU
		{203EE66C-E94D-4560-95F6-6F15668EA9AD}.Debug|Any CPU.Build.0 = Debug|Any CPU
		{203EE66C-E94D-4560-95F6-6F15668EA9AD}.Release|Any CPU.ActiveCfg = Release|Any CPU
		{203EE66C-E94D-4560-95F6-6F15668EA9AD}.Release|Any CPU.Build.0 = Release|Any CPU
		{5715C4CF-2A0E-4FE0-AA47-12AD3BDFEA71}.Debug|Any CPU.ActiveCfg = Debug|Any CPU
		{5715C4CF-2A0E-4FE0-AA47-12AD3BDFEA71}.Debug|Any CPU.Build.0 = Debug|Any CPU
		{5715C4CF-2A0E-4FE0-AA47-12AD3BDFEA71}.Release|Any CPU.ActiveCfg = Release|Any CPU
		{5715C4CF-2A0E-4FE0-AA47-12AD3BDFEA71}.Release|Any CPU.Build.0 = Release|Any CPU
		{340004C1-FE07-4023-A72E-3AD1A181DBAB}.Debug|Any CPU.ActiveCfg = Debug|Any CPU
		{340004C1-FE07-4023-A72E-3AD1A181DBAB}.Debug|Any CPU.Build.0 = Debug|Any CPU
		{340004C1-FE07-4023-A72E-3AD1A181DBAB}.Release|Any CPU.ActiveCfg = Release|Any CPU
		{340004C1-FE07-4023-A72E-3AD1A181DBAB}.Release|Any CPU.Build.0 = Release|Any CPU
		{960AF96A-5468-4BA5-A2A4-E7D2F30D0CE7}.Debug|Any CPU.ActiveCfg = Debug|Any CPU
		{960AF96A-5468-4BA5-A2A4-E7D2F30D0CE7}.Debug|Any CPU.Build.0 = Debug|Any CPU
		{960AF96A-5468-4BA5-A2A4-E7D2F30D0CE7}.Release|Any CPU.ActiveCfg = Release|Any CPU
		{960AF96A-5468-4BA5-A2A4-E7D2F30D0CE7}.Release|Any CPU.Build.0 = Release|Any CPU
	EndGlobalSection
	GlobalSection(SolutionProperties) = preSolution
		HideSolutionNode = FALSE
	EndGlobalSection
	GlobalSection(ExtensibilityGlobals) = postSolution
		SolutionGuid = {D46478CB-C3EC-460F-8DDF-95D829F6EA38}
	EndGlobalSection
EndGlobal
